<?xml version="1.0" encoding="utf-8"?>
<Project ToolsVersion="4.0" xmlns="http://schemas.microsoft.com/developer/msbuild/2003">
  <ItemGroup>
    <Filter Include="源文件">
      <UniqueIdentifier>{4FC737F1-C7A5-4376-A066-2A32D752A2FF}</UniqueIdentifier>
      <Extensions>cpp;c;cc;cxx;c++;cppm;ixx;def;odl;idl;hpj;bat;asm;asmx</Extensions>
    </Filter>
    <Filter Include="头文件">
      <UniqueIdentifier>{93995380-89BD-4b04-88EB-625FBE52EBFB}</UniqueIdentifier>
      <Extensions>h;hh;hpp;hxx;h++;hm;inl;inc;ipp;xsd</Extensions>
    </Filter>
    <Filter Include="资源文件">
      <UniqueIdentifier>{67DA6AB6-F800-4c08-8B7A-83BB121AAD01}</UniqueIdentifier>
      <Extensions>rc;ico;cur;bmp;dlg;rc2;rct;bin;rgs;gif;jpg;jpeg;jpe;resx;tiff;tif;png;wav;mfcribbon-ms</Extensions>
    </Filter>
    <Filter Include="头文件\Animation">
      <UniqueIdentifier>{a4b4f363-c76a-4857-8ac7-d722897e6c4f}</UniqueIdentifier>
    </Filter>
    <Filter Include="源文件\source">
      <UniqueIdentifier>{8a160a8b-bff3-454b-af49-b82b9d9e93ec}</UniqueIdentifier>
    </Filter>
    <Filter Include="头文件\utils">
      <UniqueIdentifier>{2c152481-3287-4712-96bd-cb6f09fd1630}</UniqueIdentifier>
    </Filter>
    <Filter Include="头文件\scene">
      <UniqueIdentifier>{e750e1bd-48d9-40ba-ac46-75f7ae523b9f}</UniqueIdentifier>
    </Filter>
    <Filter Include="头文件\manager">
      <UniqueIdentifier>{90aa9eb3-0876-4a87-9206-3834dab2492b}</UniqueIdentifier>
    </Filter>
    <Filter Include="头文件\table">
      <UniqueIdentifier>{9473068f-6c91-42f2-9576-a618be985bfd}</UniqueIdentifier>
    </Filter>
  </ItemGroup>
  <ItemGroup>
    <ClCompile Include="main.cpp">
      <Filter>源文件</Filter>
    </ClCompile>
    <ClCompile Include="animation.cpp">
      <Filter>源文件\source</Filter>
    </ClCompile>
    <ClCompile Include="camera.cpp">
      <Filter>源文件\source</Filter>
    </ClCompile>
    <ClCompile Include="timer.cpp">
      <Filter>源文件\source</Filter>
    </ClCompile>
    <ClCompile Include="vector2.cpp">
      <Filter>源文件\source</Filter>
    </ClCompile>
    <ClCompile Include="cursorManager.cpp">
      <Filter>源文件\source</Filter>
    </ClCompile>
    <ClCompile Include="resourcesManager.cpp">
      <Filter>源文件\source</Filter>
    </ClCompile>
    <ClCompile Include="menuScene.cpp">
      <Filter>源文件\source</Filter>
    </ClCompile>
    <ClCompile Include="gameScene.cpp">
      <Filter>源文件\source</Filter>
    </ClCompile>
    <ClCompile Include="mapScene.cpp">
      <Filter>源文件\source</Filter>
    </ClCompile>
    <ClCompile Include="sceneManager.cpp">
      <Filter>源文件\source</Filter>
    </ClCompile>
    <ClCompile Include="button.cpp">
      <Filter>源文件\source</Filter>
    </ClCompile>
    <ClCompile Include="utils.cpp">
      <Filter>源文件\source</Filter>
    </ClCompile>
    <ClCompile Include="menuTable.cpp">
      <Filter>源文件\source</Filter>
    </ClCompile>
    <ClCompile Include="volumeTable.cpp">
      <Filter>源文件\source</Filter>
    </ClCompile>
    <ClCompile Include="videoTable.cpp">
      <Filter>源文件\source</Filter>
    </ClCompile>
    <ClCompile Include="controlsTable.cpp">
      <Filter>源文件\source</Filter>
    </ClCompile>
  </ItemGroup>
  <ItemGroup>
    <ClInclude Include="animation.h">
      <Filter>头文件\Animation</Filter>
    </ClInclude>
    <ClInclude Include="singleton.h">
      <Filter>头文件\utils</Filter>
    </ClInclude>
    <ClInclude Include="vector2.h">
      <Filter>头文件\utils</Filter>
    </ClInclude>
    <ClInclude Include="timer.h">
      <Filter>头文件\utils</Filter>
    </ClInclude>
    <ClInclude Include="camera.h">
      <Filter>头文件\utils</Filter>
    </ClInclude>
    <ClInclude Include="scene.h">
      <Filter>头文件\scene</Filter>
    </ClInclude>
    <ClInclude Include="utils.h">
      <Filter>头文件\utils</Filter>
    </ClInclude>
    <ClInclude Include="cursorManager.h">
      <Filter>头文件\manager</Filter>
    </ClInclude>
    <ClInclude Include="resourcesManager.h">
      <Filter>头文件\manager</Filter>
    </ClInclude>
    <ClInclude Include="menuScene.h">
      <Filter>头文件\scene</Filter>
    </ClInclude>
    <ClInclude Include="gameScene.h">
      <Filter>头文件\scene</Filter>
    </ClInclude>
    <ClInclude Include="mapScene.h">
      <Filter>头文件\scene</Filter>
    </ClInclude>
    <ClInclude Include="sceneManager.h">
      <Filter>头文件\manager</Filter>
    </ClInclude>
    <ClInclude Include="button.h">
      <Filter>头文件\utils</Filter>
    </ClInclude>
    <ClInclude Include="menuTable.h">
      <Filter>头文件\table</Filter>
    </ClInclude>
    <ClInclude Include="myTable.h">
      <Filter>头文件\table</Filter>
    </ClInclude>
    <ClInclude Include="volumeTable.h">
      <Filter>头文件\table</Filter>
    </ClInclude>
    <ClInclude Include="controlsTable.h">
      <Filter>头文件\table</Filter>
    </ClInclude>
    <ClInclude Include="videoTable.h">
      <Filter>头文件\table</Filter>
    </ClInclude>
  </ItemGroup>
</Project>